
Microsoft Visual Studio Solution File, Format Version 12.00
# Visual Studio Version 17
VisualStudioVersion = 17.5.33516.290
MinimumVisualStudioVersion = 10.0.40219.1
Project("{FAE04EC0-301F-11D3-BF4B-00C04F79EFBC}") = "XMLReader.Android", "XMLReader\XMLReader.Android\XMLReader.Android.csproj", "{40B285E9-173C-473D-A119-2141F9B21AB9}"
EndProject
Project("{FAE04EC0-301F-11D3-BF4B-00C04F79EFBC}") = "XMLReader", "XMLReader\XMLReader\XMLReader.csproj", "{DF40CD50-89E0-4412-BCE9-06DF21B750A5}"
EndProject
Global
	GlobalSection(SolutionConfigurationPlatforms) = preSolution
		Debug|Any CPU = Debug|Any CPU
		Release|Any CPU = Release|Any CPU
	EndGlobalSection
	GlobalSection(ProjectConfigurationPlatforms) = postSolution
		{40B285E9-173C-473D-A119-2141F9B21AB9}.Debug|Any CPU.ActiveCfg = Debug|Any CPU
		{40B285E9-173C-473D-A119-2141F9B21AB9}.Debug|Any CPU.Build.0 = Debug|Any CPU
		{40B285E9-173C-473D-A119-2141F9B21AB9}.Debug|Any CPU.Deploy.0 = Debug|Any CPU
		{40B285E9-173C-473D-A119-2141F9B21AB9}.Release|Any CPU.ActiveCfg = Release|Any CPU
		{40B285E9-173C-473D-A119-2141F9B21AB9}.Release|Any CPU.Build.0 = Release|Any CPU
		{40B285E9-173C-473D-A119-2141F9B21AB9}.Release|Any CPU.Deploy.0 = Release|Any CPU
		{DF40CD50-89E0-4412-BCE9-06DF21B750A5}.Debug|Any CPU.ActiveCfg = Debug|Any CPU
		{DF40CD50-89E0-4412-BCE9-06DF21B750A5}.Debug|Any CPU.Build.0 = Debug|Any CPU
		{DF40CD50-89E0-4412-BCE9-06DF21B750A5}.Debug|Any CPU.Deploy.0 = Debug|Any CPU
		{DF40CD50-89E0-4412-BCE9-06DF21B750A5}.Release|Any CPU.ActiveCfg = Release|Any CPU
		{DF40CD50-89E0-4412-BCE9-06DF21B750A5}.Release|Any CPU.Build.0 = Release|Any CPU
		{DF40CD50-89E0-4412-BCE9-06DF21B750A5}.Release|Any CPU.Deploy.0 = Release|Any CPU
	EndGlobalSection
	GlobalSection(SolutionProperties) = preSolution
		HideSolutionNode = FALSE
	EndGlobalSection
	GlobalSection(ExtensibilityGlobals) = postSolution
		SolutionGuid = {D280C63A-1784-45D0-B6DD-8F58B2943201}
	EndGlobalSection
EndGlobal
